// !$*UTF8*$!
{
	archiveVersion = 1;
	classes = {
	};
	objectVersion = 48;
	objects = {

/* Begin PBXBuildFile section */
		AF77992028C2AF92009E5F7B /* main.m in Sources */ = {isa = PBXBuildFile; fileRef = C45F55C01FD2199000A6C9F8 /* main.m */; };
		AFC5E93629252F2100B1F21C /* Test.swift in Sources */ = {isa = PBXBuildFile; fileRef = AFC5E93529252F2100B1F21C /* Test.swift */; };
		C56EA31B23107E6F00A9FB8F /* main.m in Sources */ = {isa = PBXBuildFile; fileRef = C56EA31A23107E6E00A9FB8F /* main.m */; };
/* End PBXBuildFile section */

/* Begin PBXCopyFilesBuildPhase section */
		C56EA31623107E6E00A9FB8F /* CopyFiles */ = {
			isa = PBXCopyFilesBuildPhase;
			buildActionMask = 2147483647;
			dstPath = /usr/share/man/man1/;
			dstSubfolderSpec = 0;
			files = (
			);
			runOnlyForDeploymentPostprocessing = 1;
		};
/* End PBXCopyFilesBuildPhase section */

/* Begin PBXFileReference section */
		AFC5E93429252F2100B1F21C /* iOSApp-Bridging-Header.h */ = {isa = PBXFileReference; lastKnownFileType = sourcecode.c.h; path = "iOSApp-Bridging-Header.h"; sourceTree = "<group>"; };
		AFC5E93529252F2100B1F21C /* Test.swift */ = {isa = PBXFileReference; lastKnownFileType = sourcecode.swift; path = Test.swift; sourceTree = "<group>"; };
		C45F55AE1FD2199000A6C9F8 /* iOSApp.app */ = {isa = PBXFileReference; explicitFileType = wrapper.application; includeInIndex = 0; path = iOSApp.app; sourceTree = BUILT_PRODUCTS_DIR; };
		C45F55BF1FD2199000A6C9F8 /* Info.plist */ = {isa = PBXFileReference; lastKnownFileType = text.plist.xml; path = Info.plist; sourceTree = "<group>"; };
		C45F55C01FD2199000A6C9F8 /* main.m */ = {isa = PBXFileReference; lastKnownFileType = sourcecode.c.objc; path = main.m; sourceTree = "<group>"; };
		C529F030230B271C0006B0AE /* Default-568h@2x.png */ = {isa = PBXFileReference; lastKnownFileType = image.png; path = "Default-568h@2x.png"; sourceTree = "<group>"; };
		C56EA31823107E6E00A9FB8F /* CLI */ = {isa = PBXFileReference; explicitFileType = "compiled.mach-o.executable"; includeInIndex = 0; path = CLI; sourceTree = BUILT_PRODUCTS_DIR; };
		C56EA31A23107E6E00A9FB8F /* main.m */ = {isa = PBXFileReference; lastKnownFileType = sourcecode.c.objc; path = main.m; sourceTree = "<group>"; };
/* End PBXFileReference section */

/* Begin PBXFrameworksBuildPhase section */
		C56EA31523107E6E00A9FB8F /* Frameworks */ = {
			isa = PBXFrameworksBuildPhase;
			buildActionMask = 2147483647;
			files = (
			);
			runOnlyForDeploymentPostprocessing = 0;
		};
/* End PBXFrameworksBuildPhase section */

/* Begin PBXGroup section */
		C45F55A51FD2199000A6C9F8 = {
			isa = PBXGroup;
			children = (
				C529F030230B271C0006B0AE /* Default-568h@2x.png */,
				C45F55B01FD2199000A6C9F8 /* iOSApp */,
				C56EA31923107E6E00A9FB8F /* CLI */,
				C45F55AF1FD2199000A6C9F8 /* Products */,
			);
			sourceTree = "<group>";
		};
		C45F55AF1FD2199000A6C9F8 /* Products */ = {
			isa = PBXGroup;
			children = (
				C45F55AE1FD2199000A6C9F8 /* iOSApp.app */,
				C56EA31823107E6E00A9FB8F /* CLI */,
			);
			name = Products;
			sourceTree = "<group>";
		};
		C45F55B01FD2199000A6C9F8 /* iOSApp */ = {
			isa = PBXGroup;
			children = (
				C45F55BF1FD2199000A6C9F8 /* Info.plist */,
				C45F55C01FD2199000A6C9F8 /* main.m */,
				AFC5E93529252F2100B1F21C /* Test.swift */,
				AFC5E93429252F2100B1F21C /* iOSApp-Bridging-Header.h */,
			);
			path = iOSApp;
			sourceTree = "<group>";
		};
		C56EA31923107E6E00A9FB8F /* CLI */ = {
			isa = PBXGroup;
			children = (
				C56EA31A23107E6E00A9FB8F /* main.m */,
			);
			path = CLI;
			sourceTree = "<group>";
		};
/* End PBXGroup section */

/* Begin PBXNativeTarget section */
		C45F55AD1FD2199000A6C9F8 /* iOSApp */ = {
			isa = PBXNativeTarget;
			buildConfigurationList = C45F55C41FD2199000A6C9F8 /* Build configuration list for PBXNativeTarget "iOSApp" */;
			buildPhases = (
				AF77991F28C2AF8E009E5F7B /* Sources */,
			);
			buildRules = (
			);
			dependencies = (
			);
			name = iOSApp;
			productName = iOSApp;
			productReference = C45F55AE1FD2199000A6C9F8 /* iOSApp.app */;
			productType = "com.apple.product-type.application";
		};
		C56EA31723107E6E00A9FB8F /* CLI */ = {
			isa = PBXNativeTarget;
			buildConfigurationList = C56EA31E23107E6F00A9FB8F /* Build configuration list for PBXNativeTarget "CLI" */;
			buildPhases = (
				C56EA31423107E6E00A9FB8F /* Sources */,
				C56EA31523107E6E00A9FB8F /* Frameworks */,
				C56EA31623107E6E00A9FB8F /* CopyFiles */,
			);
			buildRules = (
			);
			dependencies = (
			);
			name = CLI;
			productName = CLI;
			productReference = C56EA31823107E6E00A9FB8F /* CLI */;
			productType = "com.apple.product-type.tool";
		};
/* End PBXNativeTarget section */

/* Begin PBXProject section */
		C45F55A61FD2199000A6C9F8 /* Project object */ = {
			isa = PBXProject;
			attributes = {
				LastUpgradeCheck = 1100;
				ORGANIZATIONNAME = jerry;
				TargetAttributes = {
					C45F55AD1FD2199000A6C9F8 = {
						CreatedOnToolsVersion = 9.0;
						LastSwiftMigration = 1330;
						ProvisioningStyle = Manual;
					};
					C56EA31723107E6E00A9FB8F = {
						CreatedOnToolsVersion = 11.0;
						ProvisioningStyle = Manual;
					};
				};
			};
			buildConfigurationList = C45F55A91FD2199000A6C9F8 /* Build configuration list for PBXProject "iOSApp" */;
			compatibilityVersion = "Xcode 8.0";
			developmentRegion = en;
			hasScannedForEncodings = 0;
			knownRegions = (
				en,
				Base,
			);
			mainGroup = C45F55A51FD2199000A6C9F8;
			productRefGroup = C45F55AF1FD2199000A6C9F8 /* Products */;
			projectDirPath = "";
			projectRoot = "";
			targets = (
				C45F55AD1FD2199000A6C9F8 /* iOSApp */,
				C56EA31723107E6E00A9FB8F /* CLI */,
			);
		};
/* End PBXProject section */

/* Begin PBXSourcesBuildPhase section */
		AF77991F28C2AF8E009E5F7B /* Sources */ = {
			isa = PBXSourcesBuildPhase;
			buildActionMask = 2147483647;
			files = (
				AF77992028C2AF92009E5F7B /* main.m in Sources */,
				AFC5E93629252F2100B1F21C /* Test.swift in Sources */,
			);
			runOnlyForDeploymentPostprocessing = 0;
		};
		C56EA31423107E6E00A9FB8F /* Sources */ = {
			isa = PBXSourcesBuildPhase;
			buildActionMask = 2147483647;
			files = (
				C56EA31B23107E6F00A9FB8F /* main.m in Sources */,
			);
			runOnlyForDeploymentPostprocessing = 0;
		};
/* End PBXSourcesBuildPhase section */

/* Begin XCBuildConfiguration section */
		C45F55C21FD2199000A6C9F8 /* Debug */ = {
			isa = XCBuildConfiguration;
			buildSettings = {
				ALWAYS_SEARCH_USER_PATHS = NO;
				CLANG_ANALYZER_NONNULL = YES;
				CLANG_ANALYZER_NUMBER_OBJECT_CONVERSION = YES_AGGRESSIVE;
				CLANG_CXX_LANGUAGE_STANDARD = "gnu++14";
				CLANG_CXX_LIBRARY = "libc++";
				CLANG_ENABLE_MODULES = YES;
				CLANG_ENABLE_OBJC_ARC = YES;
				CLANG_WARN_BLOCK_CAPTURE_AUTORELEASING = YES;
				CLANG_WARN_BOOL_CONVERSION = YES;
				CLANG_WARN_COMMA = YES;
				CLANG_WARN_CONSTANT_CONVERSION = YES;
				CLANG_WARN_DEPRECATED_OBJC_IMPLEMENTATIONS = YES;
				CLANG_WARN_DIRECT_OBJC_ISA_USAGE = YES_ERROR;
				CLANG_WARN_DOCUMENTATION_COMMENTS = YES;
				CLANG_WARN_EMPTY_BODY = YES;
				CLANG_WARN_ENUM_CONVERSION = YES;
				CLANG_WARN_INFINITE_RECURSION = YES;
				CLANG_WARN_INT_CONVERSION = YES;
				CLANG_WARN_NON_LITERAL_NULL_CONVERSION = YES;
				CLANG_WARN_OBJC_IMPLICIT_RETAIN_SELF = YES;
				CLANG_WARN_OBJC_LITERAL_CONVERSION = YES;
				CLANG_WARN_OBJC_ROOT_CLASS = YES_ERROR;
				CLANG_WARN_RANGE_LOOP_ANALYSIS = YES;
				CLANG_WARN_STRICT_PROTOTYPES = YES;
				CLANG_WARN_SUSPICIOUS_MOVE = YES;
				CLANG_WARN_UNGUARDED_AVAILABILITY = YES_AGGRESSIVE;
				CLANG_WARN_UNREACHABLE_CODE = YES;
				CLANG_WARN__DUPLICATE_METHOD_MATCH = YES;
				CODE_SIGN_IDENTITY = "iPhone Developer";
				COPY_PHASE_STRIP = NO;
				DEBUG_INFORMATION_FORMAT = dwarf;
				DEFINES_MODULE = NO;
				ENABLE_STRICT_OBJC_MSGSEND = YES;
				ENABLE_TESTABILITY = YES;
				GCC_C_LANGUAGE_STANDARD = gnu11;
				GCC_DYNAMIC_NO_PIC = NO;
				GCC_NO_COMMON_BLOCKS = YES;
				GCC_OPTIMIZATION_LEVEL = 0;
				GCC_PREPROCESSOR_DEFINITIONS = (
					"DEBUG=1",
					"$(inherited)",
				);
				GCC_WARN_64_TO_32_BIT_CONVERSION = YES;
				GCC_WARN_ABOUT_RETURN_TYPE = YES_ERROR;
				GCC_WARN_UNDECLARED_SELECTOR = YES;
				GCC_WARN_UNINITIALIZED_AUTOS = YES_AGGRESSIVE;
				GCC_WARN_UNUSED_FUNCTION = YES;
				GCC_WARN_UNUSED_VARIABLE = YES;
				IPHONEOS_DEPLOYMENT_TARGET = 11.0;
				MTL_ENABLE_DEBUG_INFO = YES;
				ONLY_ACTIVE_ARCH = YES;
				PRODUCT_MODULE_NAME = "";
				SDKROOT = iphoneos;
			};
			name = Debug;
		};
		C45F55C31FD2199000A6C9F8 /* Release */ = {
			isa = XCBuildConfiguration;
			buildSettings = {
				ALWAYS_SEARCH_USER_PATHS = NO;
				CLANG_ANALYZER_NONNULL = YES;
				CLANG_ANALYZER_NUMBER_OBJECT_CONVERSION = YES_AGGRESSIVE;
				CLANG_CXX_LANGUAGE_STANDARD = "gnu++14";
				CLANG_CXX_LIBRARY = "libc++";
				CLANG_ENABLE_MODULES = YES;
				CLANG_ENABLE_OBJC_ARC = YES;
				CLANG_WARN_BLOCK_CAPTURE_AUTORELEASING = YES;
				CLANG_WARN_BOOL_CONVERSION = YES;
				CLANG_WARN_COMMA = YES;
				CLANG_WARN_CONSTANT_CONVERSION = YES;
				CLANG_WARN_DEPRECATED_OBJC_IMPLEMENTATIONS = YES;
				CLANG_WARN_DIRECT_OBJC_ISA_USAGE = YES_ERROR;
				CLANG_WARN_DOCUMENTATION_COMMENTS = YES;
				CLANG_WARN_EMPTY_BODY = YES;
				CLANG_WARN_ENUM_CONVERSION = YES;
				CLANG_WARN_INFINITE_RECURSION = YES;
				CLANG_WARN_INT_CONVERSION = YES;
				CLANG_WARN_NON_LITERAL_NULL_CONVERSION = YES;
				CLANG_WARN_OBJC_IMPLICIT_RETAIN_SELF = YES;
				CLANG_WARN_OBJC_LITERAL_CONVERSION = YES;
				CLANG_WARN_OBJC_ROOT_CLASS = YES_ERROR;
				CLANG_WARN_RANGE_LOOP_ANALYSIS = YES;
				CLANG_WARN_STRICT_PROTOTYPES = YES;
				CLANG_WARN_SUSPICIOUS_MOVE = YES;
				CLANG_WARN_UNGUARDED_AVAILABILITY = YES_AGGRESSIVE;
				CLANG_WARN_UNREACHABLE_CODE = YES;
				CLANG_WARN__DUPLICATE_METHOD_MATCH = YES;
				CODE_SIGN_IDENTITY = "iPhone Developer";
				COPY_PHASE_STRIP = NO;
				DEBUG_INFORMATION_FORMAT = "dwarf-with-dsym";
				DEFINES_MODULE = NO;
				ENABLE_NS_ASSERTIONS = NO;
				ENABLE_STRICT_OBJC_MSGSEND = YES;
				GCC_C_LANGUAGE_STANDARD = gnu11;
				GCC_NO_COMMON_BLOCKS = YES;
				GCC_WARN_64_TO_32_BIT_CONVERSION = YES;
				GCC_WARN_ABOUT_RETURN_TYPE = YES_ERROR;
				GCC_WARN_UNDECLARED_SELECTOR = YES;
				GCC_WARN_UNINITIALIZED_AUTOS = YES_AGGRESSIVE;
				GCC_WARN_UNUSED_FUNCTION = YES;
				GCC_WARN_UNUSED_VARIABLE = YES;
				IPHONEOS_DEPLOYMENT_TARGET = 11.0;
				MTL_ENABLE_DEBUG_INFO = NO;
				PRODUCT_MODULE_NAME = "";
				SDKROOT = iphoneos;
				VALIDATE_PRODUCT = YES;
			};
			name = Release;
		};
		C45F55C51FD2199000A6C9F8 /* Debug */ = {
			isa = XCBuildConfiguration;
			buildSettings = {
				ASSETCATALOG_COMPILER_APPICON_NAME = AppIcon;
				CLANG_ENABLE_MODULES = YES;
				CLANG_WARN_UNGUARDED_AVAILABILITY = NO;
				CODE_SIGNING_REQUIRED = NO;
				CODE_SIGN_INJECT_BASE_ENTITLEMENTS = NO;
				CODE_SIGN_STYLE = Manual;
				COLOR_DIAGNOSTICS = NO;
				DEFINES_MODULE = YES;
				DEVELOPMENT_TEAM = "";
				INFOPLIST_FILE = iOSApp/Info.plist;
				LD_RUNPATH_SEARCH_PATHS = "$(inherited) @executable_path/Frameworks";
				OTHER_CFLAGS = (
					"$(inherited)",
					"-fno-color-diagnostics",
				);
				PRODUCT_BUNDLE_IDENTIFIER = jerry.iOSApp;
				PRODUCT_MODULE_NAME = iOSApp;
				PRODUCT_NAME = "$(TARGET_NAME)";
				PROVISIONING_PROFILE_SPECIFIER = "";
				SWIFT_OBJC_BRIDGING_HEADER = "iOSApp/iOSApp-Bridging-Header.h";
				SWIFT_OPTIMIZATION_LEVEL = "-Onone";
				SWIFT_VERSION = 5.0;
				TARGETED_DEVICE_FAMILY = "1,2";
				USE_HEADERMAP = NO;
				WARNING_CFLAGS = "";
			};
			name = Debug;
		};
		C45F55C61FD2199000A6C9F8 /* Release */ = {
			isa = XCBuildConfiguration;
			buildSettings = {
				ASSETCATALOG_COMPILER_APPICON_NAME = AppIcon;
				CLANG_ENABLE_MODULES = YES;
				CLANG_WARN_UNGUARDED_AVAILABILITY = NO;
				CODE_SIGNING_REQUIRED = NO;
				CODE_SIGN_INJECT_BASE_ENTITLEMENTS = NO;
				CODE_SIGN_STYLE = Manual;
				COLOR_DIAGNOSTICS = NO;
				DEFINES_MODULE = YES;
				DEVELOPMENT_TEAM = "";
				INFOPLIST_FILE = iOSApp/Info.plist;
				LD_RUNPATH_SEARCH_PATHS = "$(inherited) @executable_path/Frameworks";
				OTHER_CFLAGS = (
					"$(inherited)",
					"-fno-color-diagnostics",
				);
				PRODUCT_BUNDLE_IDENTIFIER = jerry.iOSApp;
				PRODUCT_MODULE_NAME = iOSApp;
				PRODUCT_NAME = "$(TARGET_NAME)";
				PROVISIONING_PROFILE_SPECIFIER = "";
				SWIFT_OBJC_BRIDGING_HEADER = "iOSApp/iOSApp-Bridging-Header.h";
				SWIFT_VERSION = 5.0;
				TARGETED_DEVICE_FAMILY = "1,2";
				USE_HEADERMAP = NO;
				WARNING_CFLAGS = "";
			};
			name = Release;
		};
		C56EA31C23107E6F00A9FB8F /* Debug */ = {
			isa = XCBuildConfiguration;
			buildSettings = {
				CLANG_ENABLE_OBJC_WEAK = YES;
				CODE_SIGNING_REQUIRED = NO;
				CODE_SIGN_IDENTITY = "-";
				CODE_SIGN_INJECT_BASE_ENTITLEMENTS = NO;
				CODE_SIGN_STYLE = Manual;
				MACOSX_DEPLOYMENT_TARGET = 10.14;
				MTL_ENABLE_DEBUG_INFO = INCLUDE_SOURCE;
				MTL_FAST_MATH = YES;
				PRODUCT_NAME = "$(TARGET_NAME)";
				SDKROOT = macosx;
			};
			name = Debug;
		};
		C56EA31D23107E6F00A9FB8F /* Release */ = {
			isa = XCBuildConfiguration;
			buildSettings = {
				CLANG_ENABLE_OBJC_WEAK = YES;
				CODE_SIGNING_REQUIRED = NO;
				CODE_SIGN_IDENTITY = "-";
				CODE_SIGN_INJECT_BASE_ENTITLEMENTS = NO;
				CODE_SIGN_STYLE = Manual;
				MACOSX_DEPLOYMENT_TARGET = 10.14;
				MTL_FAST_MATH = YES;
				PRODUCT_NAME = "$(TARGET_NAME)";
				SDKROOT = macosx;
			};
			name = Release;
		};
/* End XCBuildConfiguration section */

/* Begin XCConfigurationList section */
		C45F55A91FD2199000A6C9F8 /* Build configuration list for PBXProject "iOSApp" */ = {
			isa = XCConfigurationList;
			buildConfigurations = (
				C45F55C21FD2199000A6C9F8 /* Debug */,
				C45F55C31FD2199000A6C9F8 /* Release */,
			);
			defaultConfigurationIsVisible = 0;
			defaultConfigurationName = Release;
		};
		C45F55C41FD2199000A6C9F8 /* Build configuration list for PBXNativeTarget "iOSApp" */ = {
			isa = XCConfigurationList;
			buildConfigurations = (
				C45F55C51FD2199000A6C9F8 /* Debug */,
				C45F55C61FD2199000A6C9F8 /* Release */,
			);
			defaultConfigurationIsVisible = 0;
			defaultConfigurationName = Release;
		};
		C56EA31E23107E6F00A9FB8F /* Build configuration list for PBXNativeTarget "CLI" */ = {
			isa = XCConfigurationList;
			buildConfigurations = (
				C56EA31C23107E6F00A9FB8F /* Debug */,
				C56EA31D23107E6F00A9FB8F /* Release */,
			);
			defaultConfigurationIsVisible = 0;
			defaultConfigurationName = Release;
		};
/* End XCConfigurationList section */
	};
	rootObject = C45F55A61FD2199000A6C9F8 /* Project object */;
}
